
Microsoft Visual Studio Solution File, Format Version 12.00
# Visual Studio Version 17
VisualStudioVersion = 17.7.34031.279
MinimumVisualStudioVersion = 10.0.40219.1
Project("{9A19103F-16F7-4668-BE54-9A1E7A4F7556}") = "POS_CW", "POS_CW.csproj", "{300D08EE-D35A-48DD-9D49-5C9F04406240}"
EndProject
Global
	GlobalSection(SolutionConfigurationPlatforms) = preSolution
		Debug|Any CPU = Debug|Any CPU
		Release|Any CPU = Release|Any CPU
	EndGlobalSection
	GlobalSection(ProjectConfigurationPlatforms) = postSolution
		{300D08EE-D35A-48DD-9D49-5C9F04406240}.Debug|Any CPU.ActiveCfg = Debug|Any CPU
		{300D08EE-D35A-48DD-9D49-5C9F04406240}.Debug|Any CPU.Build.0 = Debug|Any CPU
		{300D08EE-D35A-48DD-9D49-5C9F04406240}.Debug|Any CPU.Deploy.0 = Debug|Any CPU
		{300D08EE-D35A-48DD-9D49-5C9F04406240}.Release|Any CPU.ActiveCfg = Release|Any CPU
		{300D08EE-D35A-48DD-9D49-5C9F04406240}.Release|Any CPU.Build.0 = Release|Any CPU
		{300D08EE-D35A-48DD-9D49-5C9F04406240}.Release|Any CPU.Deploy.0 = Release|Any CPU
	EndGlobalSection
	GlobalSection(SolutionProperties) = preSolution
		HideSolutionNode = FALSE
	EndGlobalSection
	GlobalSection(ExtensibilityGlobals) = postSolution
		SolutionGuid = {AD7C5AA2-BAC7-4504-9C88-CB76F54268AF}
	EndGlobalSection
EndGlobal
